
Microsoft Visual Studio Solution File, Format Version 12.00
# Visual Studio Version 17
VisualStudioVersion = 17.2.32519.379
MinimumVisualStudioVersion = 10.0.40219.1
Project("{9A19103F-16F7-4668-BE54-9A1E7A4F7556}") = "QuestionVisualisation", "QuestionVisualisation\QuestionVisualisation.csproj", "{C22391BC-ECD2-40C6-824A-3D01FBAC3BF5}"
EndProject
Global
	GlobalSection(SolutionConfigurationPlatforms) = preSolution
		Debug|Any CPU = Debug|Any CPU
		Release|Any CPU = Release|Any CPU
	EndGlobalSection
	GlobalSection(ProjectConfigurationPlatforms) = postSolution
		{C22391BC-ECD2-40C6-824A-3D01FBAC3BF5}.Debug|Any CPU.ActiveCfg = Debug|Any CPU
		{C22391BC-ECD2-40C6-824A-3D01FBAC3BF5}.Debug|Any CPU.Build.0 = Debug|Any CPU
		{C22391BC-ECD2-40C6-824A-3D01FBAC3BF5}.Release|Any CPU.ActiveCfg = Release|Any CPU
		{C22391BC-ECD2-40C6-824A-3D01FBAC3BF5}.Release|Any CPU.Build.0 = Release|Any CPU
	EndGlobalSection
	GlobalSection(SolutionProperties) = preSolution
		HideSolutionNode = FALSE
	EndGlobalSection
	GlobalSection(ExtensibilityGlobals) = postSolution
		SolutionGuid = {9D3820E6-7379-42AC-987B-A127BB368892}
	EndGlobalSection
EndGlobal
