
Microsoft Visual Studio Solution File, Format Version 12.00
# Visual Studio Version 17
VisualStudioVersion = 17.2.32519.379
MinimumVisualStudioVersion = 10.0.40219.1
Project("{9A19103F-16F7-4668-BE54-9A1E7A4F7556}") = "Quiz.Base", "Quiz.Base\Quiz.Base.csproj", "{1B22A94F-9AB3-408B-8BFA-FAC4AFB6115B}"
EndProject
Project("{9A19103F-16F7-4668-BE54-9A1E7A4F7556}") = "Quiz.Visual", "Quiz.Visual\Quiz.Visual.csproj", "{A3954A64-26CD-4858-A11D-6979B0FE6C01}"
EndProject
Project("{FAE04EC0-301F-11D3-BF4B-00C04F79EFBC}") = "Quiz.Standart", "Quiz.Standart\Quiz.Standart.csproj", "{3ED79D3F-D73C-43F6-ABEB-5CA219BDA5D8}"
EndProject
Global
	GlobalSection(SolutionConfigurationPlatforms) = preSolution
		Debug|Any CPU = Debug|Any CPU
		Release|Any CPU = Release|Any CPU
	EndGlobalSection
	GlobalSection(ProjectConfigurationPlatforms) = postSolution
		{1B22A94F-9AB3-408B-8BFA-FAC4AFB6115B}.Debug|Any CPU.ActiveCfg = Debug|Any CPU
		{1B22A94F-9AB3-408B-8BFA-FAC4AFB6115B}.Debug|Any CPU.Build.0 = Debug|Any CPU
		{1B22A94F-9AB3-408B-8BFA-FAC4AFB6115B}.Release|Any CPU.ActiveCfg = Release|Any CPU
		{1B22A94F-9AB3-408B-8BFA-FAC4AFB6115B}.Release|Any CPU.Build.0 = Release|Any CPU
		{A3954A64-26CD-4858-A11D-6979B0FE6C01}.Debug|Any CPU.ActiveCfg = Debug|Any CPU
		{A3954A64-26CD-4858-A11D-6979B0FE6C01}.Debug|Any CPU.Build.0 = Debug|Any CPU
		{A3954A64-26CD-4858-A11D-6979B0FE6C01}.Release|Any CPU.ActiveCfg = Release|Any CPU
		{A3954A64-26CD-4858-A11D-6979B0FE6C01}.Release|Any CPU.Build.0 = Release|Any CPU
		{3ED79D3F-D73C-43F6-ABEB-5CA219BDA5D8}.Debug|Any CPU.ActiveCfg = Debug|Any CPU
		{3ED79D3F-D73C-43F6-ABEB-5CA219BDA5D8}.Debug|Any CPU.Build.0 = Debug|Any CPU
		{3ED79D3F-D73C-43F6-ABEB-5CA219BDA5D8}.Release|Any CPU.ActiveCfg = Release|Any CPU
		{3ED79D3F-D73C-43F6-ABEB-5CA219BDA5D8}.Release|Any CPU.Build.0 = Release|Any CPU
	EndGlobalSection
	GlobalSection(SolutionProperties) = preSolution
		HideSolutionNode = FALSE
	EndGlobalSection
	GlobalSection(ExtensibilityGlobals) = postSolution
		SolutionGuid = {9D3820E6-7379-42AC-987B-A127BB368892}
	EndGlobalSection
EndGlobal
